
Microsoft Visual Studio Solution File, Format Version 12.00
# Visual Studio Version 16
VisualStudioVersion = 16.0.29613.14
MinimumVisualStudioVersion = 10.0.40219.1
Project("{FAE04EC0-301F-11D3-BF4B-00C04F79EFBC}") = "OnlineCoin", "OnlineCoin.csproj", "{F7D6A5F3-5A5F-4A3A-8170-191552200C82}"
EndProject
Global
	GlobalSection(SolutionConfigurationPlatforms) = preSolution
		Debug|Any CPU = Debug|Any CPU
		Release|Any CPU = Release|Any CPU
	EndGlobalSection
	GlobalSection(ProjectConfigurationPlatforms) = postSolution
		{F7D6A5F3-5A5F-4A3A-8170-191552200C82}.Debug|Any CPU.ActiveCfg = Debug|Any CPU
		{F7D6A5F3-5A5F-4A3A-8170-191552200C82}.Debug|Any CPU.Build.0 = Debug|Any CPU
		{F7D6A5F3-5A5F-4A3A-8170-191552200C82}.Release|Any CPU.ActiveCfg = Release|Any CPU
		{F7D6A5F3-5A5F-4A3A-8170-191552200C82}.Release|Any CPU.Build.0 = Release|Any CPU
	EndGlobalSection
	GlobalSection(SolutionProperties) = preSolution
		HideSolutionNode = FALSE
	EndGlobalSection
	GlobalSection(ExtensibilityGlobals) = postSolution
		SolutionGuid = {4D8F728A-AF26-40C8-BAFD-25CD2A874F2A}
	EndGlobalSection
EndGlobal
